// !$*UTF8*$!
{
	archiveVersion = 1;
	classes = {
	};
	objectVersion = 46;
	objects = {

/* Begin PBXBuildFile section */
		6B4744591A22A306006353A3 /* main.m in Sources */ = {isa = PBXBuildFile; fileRef = 6B4744581A22A306006353A3 /* main.m */; };
		6B47445C1A22A306006353A3 /* AppDelegate.m in Sources */ = {isa = PBXBuildFile; fileRef = 6B47445B1A22A306006353A3 /* AppDelegate.m */; };
		6B47445F1A22A306006353A3 /* ViewController.m in Sources */ = {isa = PBXBuildFile; fileRef = 6B47445E1A22A306006353A3 /* ViewController.m */; };
		6B4744621A22A306006353A3 /* Main.storyboard in Resources */ = {isa = PBXBuildFile; fileRef = 6B4744601A22A306006353A3 /* Main.storyboard */; };
		6B4744641A22A306006353A3 /* Images.xcassets in Resources */ = {isa = PBXBuildFile; fileRef = 6B4744631A22A306006353A3 /* Images.xcassets */; };
		6B4744671A22A306006353A3 /* LaunchScreen.xib in Resources */ = {isa = PBXBuildFile; fileRef = 6B4744651A22A306006353A3 /* LaunchScreen.xib */; };
		6B4744731A22A307006353A3 /* FooTests.m in Sources */ = {isa = PBXBuildFile; fileRef = 6B4744721A22A307006353A3 /* FooTests.m */; };
/* End PBXBuildFile section */

/* Begin PBXContainerItemProxy section */
		6B47446D1A22A307006353A3 /* PBXContainerItemProxy */ = {
			isa = PBXContainerItemProxy;
			containerPortal = 6B47444B1A22A306006353A3 /* Project object */;
			proxyType = 1;
			remoteGlobalIDString = 6B4744521A22A306006353A3;
			remoteInfo = Foo;
		};
/* End PBXContainerItemProxy section */

/* Begin PBXFileReference section */
		6B4744531A22A306006353A3 /* Foo.app */ = {isa = PBXFileReference; explicitFileType = wrapper.application; includeInIndex = 0; path = Foo.app; sourceTree = BUILT_PRODUCTS_DIR; };
		6B4744571A22A306006353A3 /* Info.plist */ = {isa = PBXFileReference; lastKnownFileType = text.plist.xml; path = Info.plist; sourceTree = "<group>"; };
		6B4744581A22A306006353A3 /* main.m */ = {isa = PBXFileReference; lastKnownFileType = sourcecode.c.objc; path = main.m; sourceTree = "<group>"; };
		6B47445A1A22A306006353A3 /* AppDelegate.h */ = {isa = PBXFileReference; lastKnownFileType = sourcecode.c.h; path = AppDelegate.h; sourceTree = "<group>"; };
		6B47445B1A22A306006353A3 /* AppDelegate.m */ = {isa = PBXFileReference; lastKnownFileType = sourcecode.c.objc; path = AppDelegate.m; sourceTree = "<group>"; };
		6B47445D1A22A306006353A3 /* ViewController.h */ = {isa = PBXFileReference; lastKnownFileType = sourcecode.c.h; path = ViewController.h; sourceTree = "<group>"; };
		6B47445E1A22A306006353A3 /* ViewController.m */ = {isa = PBXFileReference; lastKnownFileType = sourcecode.c.objc; path = ViewController.m; sourceTree = "<group>"; };
		6B4744611A22A306006353A3 /* Base */ = {isa = PBXFileReference; lastKnownFileType = file.storyboard; name = Base; path = Base.lproj/Main.storyboard; sourceTree = "<group>"; };
		6B4744631A22A306006353A3 /* Images.xcassets */ = {isa = PBXFileReference; lastKnownFileType = folder.assetcatalog; path = Images.xcassets; sourceTree = "<group>"; };
		6B4744661A22A306006353A3 /* Base */ = {isa = PBXFileReference; lastKnownFileType = file.xib; name = Base; path = Base.lproj/LaunchScreen.xib; sourceTree = "<group>"; };
		6B47446C1A22A307006353A3 /* FooTests.xctest */ = {isa = PBXFileReference; explicitFileType = wrapper.cfbundle; includeInIndex = 0; path = FooTests.xctest; sourceTree = BUILT_PRODUCTS_DIR; };
		6B4744711A22A307006353A3 /* Info.plist */ = {isa = PBXFileReference; lastKnownFileType = text.plist.xml; path = Info.plist; sourceTree = "<group>"; };
		6B4744721A22A307006353A3 /* FooTests.m */ = {isa = PBXFileReference; lastKnownFileType = sourcecode.c.objc; path = FooTests.m; sourceTree = "<group>"; };
/* End PBXFileReference section */

/* Begin PBXFrameworksBuildPhase section */
		6B4744501A22A306006353A3 /* Frameworks */ = {
			isa = PBXFrameworksBuildPhase;
			buildActionMask = 2147483647;
			files = (
			);
			runOnlyForDeploymentPostprocessing = 0;
		};
		6B4744691A22A307006353A3 /* Frameworks */ = {
			isa = PBXFrameworksBuildPhase;
			buildActionMask = 2147483647;
			files = (
			);
			runOnlyForDeploymentPostprocessing = 0;
		};
/* End PBXFrameworksBuildPhase section */

/* Begin PBXGroup section */
		6B47444A1A22A306006353A3 = {
			isa = PBXGroup;
			children = (
				6B4744551A22A306006353A3 /* Foo */,
				6B47446F1A22A307006353A3 /* FooTests */,
				6B4744541A22A306006353A3 /* Products */,
			);
			sourceTree = "<group>";
		};
		6B4744541A22A306006353A3 /* Products */ = {
			isa = PBXGroup;
			children = (
				6B4744531A22A306006353A3 /* Foo.app */,
				6B47446C1A22A307006353A3 /* FooTests.xctest */,
			);
			name = Products;
			sourceTree = "<group>";
		};
		6B4744551A22A306006353A3 /* Foo */ = {
			isa = PBXGroup;
			children = (
				6B47445A1A22A306006353A3 /* AppDelegate.h */,
				6B47445B1A22A306006353A3 /* AppDelegate.m */,
				6B47445D1A22A306006353A3 /* ViewController.h */,
				6B47445E1A22A306006353A3 /* ViewController.m */,
				6B4744601A22A306006353A3 /* Main.storyboard */,
				6B4744631A22A306006353A3 /* Images.xcassets */,
				6B4744651A22A306006353A3 /* LaunchScreen.xib */,
				6B4744561A22A306006353A3 /* Supporting Files */,
			);
			path = Foo;
			sourceTree = "<group>";
		};
		6B4744561A22A306006353A3 /* Supporting Files */ = {
			isa = PBXGroup;
			children = (
				6B4744571A22A306006353A3 /* Info.plist */,
				6B4744581A22A306006353A3 /* main.m */,
			);
			name = "Supporting Files";
			sourceTree = "<group>";
		};
		6B47446F1A22A307006353A3 /* FooTests */ = {
			isa = PBXGroup;
			children = (
				6B4744721A22A307006353A3 /* FooTests.m */,
				6B4744701A22A307006353A3 /* Supporting Files */,
			);
			path = FooTests;
			sourceTree = "<group>";
		};
		6B4744701A22A307006353A3 /* Supporting Files */ = {
			isa = PBXGroup;
			children = (
				6B4744711A22A307006353A3 /* Info.plist */,
			);
			name = "Supporting Files";
			sourceTree = "<group>";
		};
/* End PBXGroup section */

/* Begin PBXNativeTarget section */
		6B4744521A22A306006353A3 /* Foo */ = {
			isa = PBXNativeTarget;
			buildConfigurationList = 6B4744761A22A307006353A3 /* Build configuration list for PBXNativeTarget "Foo" */;
			buildPhases = (
				6B47444F1A22A306006353A3 /* Sources */,
				6B4744501A22A306006353A3 /* Frameworks */,
				6B4744511A22A306006353A3 /* Resources */,
			);
			buildRules = (
			);
			dependencies = (
			);
			name = Foo;
			productName = Foo;
			productReference = 6B4744531A22A306006353A3 /* Foo.app */;
			productType = "com.apple.product-type.application";
		};
		6B47446B1A22A307006353A3 /* FooTests */ = {
			isa = PBXNativeTarget;
			buildConfigurationList = 6B4744791A22A307006353A3 /* Build configuration list for PBXNativeTarget "FooTests" */;
			buildPhases = (
				6B4744681A22A307006353A3 /* Sources */,
				6B4744691A22A307006353A3 /* Frameworks */,
				6B47446A1A22A307006353A3 /* Resources */,
			);
			buildRules = (
			);
			dependencies = (
				6B47446E1A22A307006353A3 /* PBXTargetDependency */,
			);
			name = FooTests;
			productName = FooTests;
			productReference = 6B47446C1A22A307006353A3 /* FooTests.xctest */;
			productType = "com.apple.product-type.bundle.unit-test";
		};
/* End PBXNativeTarget section */

/* Begin PBXProject section */
		6B47444B1A22A306006353A3 /* Project object */ = {
			isa = PBXProject;
			attributes = {
				LastUpgradeCheck = 0610;
				ORGANIZATIONNAME = "David Paschich";
				TargetAttributes = {
					6B4744521A22A306006353A3 = {
						CreatedOnToolsVersion = 6.1.1;
					};
					6B47446B1A22A307006353A3 = {
						CreatedOnToolsVersion = 6.1.1;
						TestTargetID = 6B4744521A22A306006353A3;
					};
				};
			};
			buildConfigurationList = 6B47444E1A22A306006353A3 /* Build configuration list for PBXProject "Foo" */;
			compatibilityVersion = "Xcode 3.2";
			developmentRegion = English;
			hasScannedForEncodings = 0;
			knownRegions = (
				en,
				Base,
			);
			mainGroup = 6B47444A1A22A306006353A3;
			productRefGroup = 6B4744541A22A306006353A3 /* Products */;
			projectDirPath = "";
			projectRoot = "";
			targets = (
				6B4744521A22A306006353A3 /* Foo */,
				6B47446B1A22A307006353A3 /* FooTests */,
			);
		};
/* End PBXProject section */

/* Begin PBXResourcesBuildPhase section */
		6B4744511A22A306006353A3 /* Resources */ = {
			isa = PBXResourcesBuildPhase;
			buildActionMask = 2147483647;
			files = (
				6B4744621A22A306006353A3 /* Main.storyboard in Resources */,
				6B4744671A22A306006353A3 /* LaunchScreen.xib in Resources */,
				6B4744641A22A306006353A3 /* Images.xcassets in Resources */,
			);
			runOnlyForDeploymentPostprocessing = 0;
		};
		6B47446A1A22A307006353A3 /* Resources */ = {
			isa = PBXResourcesBuildPhase;
			buildActionMask = 2147483647;
			files = (
			);
			runOnlyForDeploymentPostprocessing = 0;
		};
/* End PBXResourcesBuildPhase section */

/* Begin PBXSourcesBuildPhase section */
		6B47444F1A22A306006353A3 /* Sources */ = {
			isa = PBXSourcesBuildPhase;
			buildActionMask = 2147483647;
			files = (
				6B47445F1A22A306006353A3 /* ViewController.m in Sources */,
				6B47445C1A22A306006353A3 /* AppDelegate.m in Sources */,
				6B4744591A22A306006353A3 /* main.m in Sources */,
			);
			runOnlyForDeploymentPostprocessing = 0;
		};
		6B4744681A22A307006353A3 /* Sources */ = {
			isa = PBXSourcesBuildPhase;
			buildActionMask = 2147483647;
			files = (
				6B4744731A22A307006353A3 /* FooTests.m in Sources */,
			);
			runOnlyForDeploymentPostprocessing = 0;
		};
/* End PBXSourcesBuildPhase section */

/* Begin PBXTargetDependency section */
		6B47446E1A22A307006353A3 /* PBXTargetDependency */ = {
			isa = PBXTargetDependency;
			target = 6B4744521A22A306006353A3 /* Foo */;
			targetProxy = 6B47446D1A22A307006353A3 /* PBXContainerItemProxy */;
		};
/* End PBXTargetDependency section */

/* Begin PBXVariantGroup section */
		6B4744601A22A306006353A3 /* Main.storyboard */ = {
			isa = PBXVariantGroup;
			children = (
				6B4744611A22A306006353A3 /* Base */,
			);
			name = Main.storyboard;
			sourceTree = "<group>";
		};
		6B4744651A22A306006353A3 /* LaunchScreen.xib */ = {
			isa = PBXVariantGroup;
			children = (
				6B4744661A22A306006353A3 /* Base */,
			);
			name = LaunchScreen.xib;
			sourceTree = "<group>";
		};
/* End PBXVariantGroup section */

/* Begin XCBuildConfiguration section */
		6B4744741A22A307006353A3 /* Debug */ = {
			isa = XCBuildConfiguration;
			buildSettings = {
				ALWAYS_SEARCH_USER_PATHS = NO;
				CLANG_CXX_LANGUAGE_STANDARD = "gnu++0x";
				CLANG_CXX_LIBRARY = "libc++";
				CLANG_ENABLE_MODULES = YES;
				CLANG_ENABLE_OBJC_ARC = YES;
				CLANG_WARN_BOOL_CONVERSION = YES;
				CLANG_WARN_CONSTANT_CONVERSION = YES;
				CLANG_WARN_DIRECT_OBJC_ISA_USAGE = YES_ERROR;
				CLANG_WARN_EMPTY_BODY = YES;
				CLANG_WARN_ENUM_CONVERSION = YES;
				CLANG_WARN_INT_CONVERSION = YES;
				CLANG_WARN_OBJC_ROOT_CLASS = YES_ERROR;
				CLANG_WARN_UNREACHABLE_CODE = YES;
				CLANG_WARN__DUPLICATE_METHOD_MATCH = YES;
				"CODE_SIGN_IDENTITY[sdk=iphoneos*]" = "iPhone Developer";
				COPY_PHASE_STRIP = NO;
				ENABLE_STRICT_OBJC_MSGSEND = YES;
				GCC_C_LANGUAGE_STANDARD = gnu99;
				GCC_DYNAMIC_NO_PIC = NO;
				GCC_OPTIMIZATION_LEVEL = 0;
				GCC_PREPROCESSOR_DEFINITIONS = (
					"DEBUG=1",
					"$(inherited)",
				);
				GCC_SYMBOLS_PRIVATE_EXTERN = NO;
				GCC_WARN_64_TO_32_BIT_CONVERSION = YES;
				GCC_WARN_ABOUT_RETURN_TYPE = YES_ERROR;
				GCC_WARN_UNDECLARED_SELECTOR = YES;
				GCC_WARN_UNINITIALIZED_AUTOS = YES_AGGRESSIVE;
				GCC_WARN_UNUSED_FUNCTION = YES;
				GCC_WARN_UNUSED_VARIABLE = YES;
				IPHONEOS_DEPLOYMENT_TARGET = 8.1;
				MTL_ENABLE_DEBUG_INFO = YES;
				ONLY_ACTIVE_ARCH = YES;
				SDKROOT = iphoneos;
			};
			name = Debug;
		};
		6B4744751A22A307006353A3 /* Release */ = {
			isa = XCBuildConfiguration;
			buildSettings = {
				ALWAYS_SEARCH_USER_PATHS = NO;
				CLANG_CXX_LANGUAGE_STANDARD = "gnu++0x";
				CLANG_CXX_LIBRARY = "libc++";
				CLANG_ENABLE_MODULES = YES;
				CLANG_ENABLE_OBJC_ARC = YES;
				CLANG_WARN_BOOL_CONVERSION = YES;
				CLANG_WARN_CONSTANT_CONVERSION = YES;
				CLANG_WARN_DIRECT_OBJC_ISA_USAGE = YES_ERROR;
				CLANG_WARN_EMPTY_BODY = YES;
				CLANG_WARN_ENUM_CONVERSION = YES;
				CLANG_WARN_INT_CONVERSION = YES;
				CLANG_WARN_OBJC_ROOT_CLASS = YES_ERROR;
				CLANG_WARN_UNREACHABLE_CODE = YES;
				CLANG_WARN__DUPLICATE_METHOD_MATCH = YES;
				"CODE_SIGN_IDENTITY[sdk=iphoneos*]" = "iPhone Developer";
				COPY_PHASE_STRIP = YES;
				ENABLE_NS_ASSERTIONS = NO;
				ENABLE_STRICT_OBJC_MSGSEND = YES;
				GCC_C_LANGUAGE_STANDARD = gnu99;
				GCC_WARN_64_TO_32_BIT_CONVERSION = YES;
				GCC_WARN_ABOUT_RETURN_TYPE = YES_ERROR;
				GCC_WARN_UNDECLARED_SELECTOR = YES;
				GCC_WARN_UNINITIALIZED_AUTOS = YES_AGGRESSIVE;
				GCC_WARN_UNUSED_FUNCTION = YES;
				GCC_WARN_UNUSED_VARIABLE = YES;
				IPHONEOS_DEPLOYMENT_TARGET = 8.1;
				MTL_ENABLE_DEBUG_INFO = NO;
				SDKROOT = iphoneos;
				VALIDATE_PRODUCT = YES;
			};
			name = Release;
		};
		6B4744771A22A307006353A3 /* Debug */ = {
			isa = XCBuildConfiguration;
			buildSettings = {
				ASSETCATALOG_COMPILER_APPICON_NAME = AppIcon;
				INFOPLIST_FILE = Foo/Info.plist;
				LD_RUNPATH_SEARCH_PATHS = "$(inherited) @executable_path/Frameworks";
				PRODUCT_NAME = "$(TARGET_NAME)";
			};
			name = Debug;
		};
		6B4744781A22A307006353A3 /* Release */ = {
			isa = XCBuildConfiguration;
			buildSettings = {
				ASSETCATALOG_COMPILER_APPICON_NAME = AppIcon;
				INFOPLIST_FILE = Foo/Info.plist;
				LD_RUNPATH_SEARCH_PATHS = "$(inherited) @executable_path/Frameworks";
				PRODUCT_NAME = "$(TARGET_NAME)";
			};
			name = Release;
		};
		6B47447A1A22A307006353A3 /* Debug */ = {
			isa = XCBuildConfiguration;
			buildSettings = {
				BUNDLE_LOADER = "$(TEST_HOST)";
				FRAMEWORK_SEARCH_PATHS = (
					"$(SDKROOT)/Developer/Library/Frameworks",
					"$(inherited)",
				);
				GCC_PREPROCESSOR_DEFINITIONS = (
					"DEBUG=1",
					"$(inherited)",
				);
				INFOPLIST_FILE = FooTests/Info.plist;
				LD_RUNPATH_SEARCH_PATHS = "$(inherited) @executable_path/Frameworks @loader_path/Frameworks";
				PRODUCT_NAME = "$(TARGET_NAME)";
				TEST_HOST = "$(BUILT_PRODUCTS_DIR)/Foo.app/Foo";
			};
			name = Debug;
		};
		6B47447B1A22A307006353A3 /* Release */ = {
			isa = XCBuildConfiguration;
			buildSettings = {
				BUNDLE_LOADER = "$(TEST_HOST)";
				FRAMEWORK_SEARCH_PATHS = (
					"$(SDKROOT)/Developer/Library/Frameworks",
					"$(inherited)",
				);
				INFOPLIST_FILE = FooTests/Info.plist;
				LD_RUNPATH_SEARCH_PATHS = "$(inherited) @executable_path/Frameworks @loader_path/Frameworks";
				PRODUCT_NAME = "$(TARGET_NAME)";
				TEST_HOST = "$(BUILT_PRODUCTS_DIR)/Foo.app/Foo";
			};
			name = Release;
		};
/* End XCBuildConfiguration section */

/* Begin XCConfigurationList section */
		6B47444E1A22A306006353A3 /* Build configuration list for PBXProject "Foo" */ = {
			isa = XCConfigurationList;
			buildConfigurations = (
				6B4744741A22A307006353A3 /* Debug */,
				6B4744751A22A307006353A3 /* Release */,
			);
			defaultConfigurationIsVisible = 0;
			defaultConfigurationName = Release;
		};
		6B4744761A22A307006353A3 /* Build configuration list for PBXNativeTarget "Foo" */ = {
			isa = XCConfigurationList;
			buildConfigurations = (
				6B4744771A22A307006353A3 /* Debug */,
				6B4744781A22A307006353A3 /* Release */,
			);
			defaultConfigurationIsVisible = 0;
		};
		6B4744791A22A307006353A3 /* Build configuration list for PBXNativeTarget "FooTests" */ = {
			isa = XCConfigurationList;
			buildConfigurations = (
				6B47447A1A22A307006353A3 /* Debug */,
				6B47447B1A22A307006353A3 /* Release */,
			);
			defaultConfigurationIsVisible = 0;
		};
/* End XCConfigurationList section */
	};
	rootObject = 6B47444B1A22A306006353A3 /* Project object */;
}
